
Microsoft Visual Studio Solution File, Format Version 12.00
# Visual Studio Version 16
VisualStudioVersion = 16.0.31702.278
MinimumVisualStudioVersion = 10.0.40219.1
Project("{FAE04EC0-301F-11D3-BF4B-00C04F79EFBC}") = "Bookstore", "Bookstore\Bookstore.csproj", "{ED410BE1-8278-424D-82C2-A15AA6EF2B00}"
EndProject
Global
	GlobalSection(SolutionConfigurationPlatforms) = preSolution
		Debug|Any CPU = Debug|Any CPU
		Release|Any CPU = Release|Any CPU
	EndGlobalSection
	GlobalSection(ProjectConfigurationPlatforms) = postSolution
		{ED410BE1-8278-424D-82C2-A15AA6EF2B00}.Debug|Any CPU.ActiveCfg = Debug|Any CPU
		{ED410BE1-8278-424D-82C2-A15AA6EF2B00}.Debug|Any CPU.Build.0 = Debug|Any CPU
		{ED410BE1-8278-424D-82C2-A15AA6EF2B00}.Release|Any CPU.ActiveCfg = Release|Any CPU
		{ED410BE1-8278-424D-82C2-A15AA6EF2B00}.Release|Any CPU.Build.0 = Release|Any CPU
	EndGlobalSection
	GlobalSection(SolutionProperties) = preSolution
		HideSolutionNode = FALSE
	EndGlobalSection
	GlobalSection(ExtensibilityGlobals) = postSolution
		SolutionGuid = {000D3E12-DC12-4A86-929F-A3B287325D0D}
	EndGlobalSection
EndGlobal
